
Microsoft Visual Studio Solution File, Format Version 12.00
# Visual Studio Version 16
VisualStudioVersion = 16.0.35130.168
MinimumVisualStudioVersion = 10.0.40219.1
Project("{FAE04EC0-301F-11D3-BF4B-00C04F79EFBC}") = "EventManagerAPI", "EventManagerAPI\EventManagerAPI.csproj", "{AE23CC9A-F6D0-4F26-964F-7EF71D1FB999}"
EndProject
Global
	GlobalSection(SolutionConfigurationPlatforms) = preSolution
		Debug|Any CPU = Debug|Any CPU
		Release|Any CPU = Release|Any CPU
	EndGlobalSection
	GlobalSection(ProjectConfigurationPlatforms) = postSolution
		{AE23CC9A-F6D0-4F26-964F-7EF71D1FB999}.Debug|Any CPU.ActiveCfg = Debug|Any CPU
		{AE23CC9A-F6D0-4F26-964F-7EF71D1FB999}.Debug|Any CPU.Build.0 = Debug|Any CPU
		{AE23CC9A-F6D0-4F26-964F-7EF71D1FB999}.Release|Any CPU.ActiveCfg = Release|Any CPU
		{AE23CC9A-F6D0-4F26-964F-7EF71D1FB999}.Release|Any CPU.Build.0 = Release|Any CPU
	EndGlobalSection
	GlobalSection(SolutionProperties) = preSolution
		HideSolutionNode = FALSE
	EndGlobalSection
	GlobalSection(ExtensibilityGlobals) = postSolution
		SolutionGuid = {00E23F04-3F5C-4740-8511-FCD23C5EA49A}
	EndGlobalSection
EndGlobal
